
Microsoft Visual Studio Solution File, Format Version 12.00
# Visual Studio Version 17
VisualStudioVersion = 17.4.33213.308
MinimumVisualStudioVersion = 10.0.40219.1
Project("{9A19103F-16F7-4668-BE54-9A1E7A4F7556}") = "DesafioFundamentos", "DesafioFundamentos.csproj", "{858D2BB6-9870-46FD-A41E-E9E65B81124B}"
EndProject
Global
	GlobalSection(SolutionConfigurationPlatforms) = preSolution
		Debug|Any CPU = Debug|Any CPU
		Release|Any CPU = Release|Any CPU
	EndGlobalSection
	GlobalSection(ProjectConfigurationPlatforms) = postSolution
		{858D2BB6-9870-46FD-A41E-E9E65B81124B}.Debug|Any CPU.ActiveCfg = Debug|Any CPU
		{858D2BB6-9870-46FD-A41E-E9E65B81124B}.Debug|Any CPU.Build.0 = Debug|Any CPU
		{858D2BB6-9870-46FD-A41E-E9E65B81124B}.Release|Any CPU.ActiveCfg = Release|Any CPU
		{858D2BB6-9870-46FD-A41E-E9E65B81124B}.Release|Any CPU.Build.0 = Release|Any CPU
	EndGlobalSection
	GlobalSection(SolutionProperties) = preSolution
		HideSolutionNode = FALSE
	EndGlobalSection
	GlobalSection(ExtensibilityGlobals) = postSolution
		SolutionGuid = {17898210-61FF-4514-9ACA-11DE3F37E276}
	EndGlobalSection
EndGlobal
